schema: '2.0'
stages:
  data_ingestion:
    cmd: python src/data_ingestion.py
    deps:
    - path: src/data_ingestion.py
      hash: md5
      md5: 11c485fa85ae4ebd5641bb68147c5ad7
      size: 3596
    params:
      params.yaml:
        data_ingestion.test_size: 0.3
    outs:
    - path: data/raw
      hash: md5
      md5: d26befd2dda9438254177d9000d9ba1f.dir
      size: 484846
      nfiles: 2
  data_preprocessing:
    cmd: python src/data_preprocesing.py
    deps:
    - path: Data/raw
      hash: md5
      md5: d26befd2dda9438254177d9000d9ba1f.dir
      size: 484846
      nfiles: 2
    - path: src/data_preprocesing.py
      hash: md5
      md5: 1f343ca3a18612d3b2a56d8068b8eb0f
      size: 4003
    outs:
    - path: data/interim
      hash: md5
      md5: 61ca13b2e20854a1f7bacbbcfeca409e.dir
      size: 262513
      nfiles: 2
  feature_engineering:
    cmd: python src/feature_engineering.py
    deps:
    - path: data/interim
      hash: md5
      md5: 61ca13b2e20854a1f7bacbbcfeca409e.dir
      size: 262513
      nfiles: 2
    - path: src/feature_engineering.py
      hash: md5
      md5: 60ea88698709e0c2aa787fb8ce404eeb
      size: 3913
    params:
      params.yaml:
        feature_engineering.max_features: 50
    outs:
    - path: data/processed
      hash: md5
      md5: 85d321dc446823db63e7907f87ac544e.dir
      size: 1187708
      nfiles: 2
  model_training:
    cmd: python src/model_training.py
    deps:
    - path: data/processed
      hash: md5
      md5: 85d321dc446823db63e7907f87ac544e.dir
      size: 1187708
      nfiles: 2
    - path: src/model_training.py
      hash: md5
      md5: 43e8d118c249be1b04266e44c8b0fbf3
      size: 4480
    params:
      params.yaml:
        model_building.n_estimators: 25
        model_building.random_state: 2
    outs:
    - path: models/model.pkl
      hash: md5
      md5: e2ddf8f0316a91b9181b4a42899e3213
      size: 886775
  model_evaluation:
    cmd: python src/model_evaluation.py
    deps:
    - path: models/model.pkl
      hash: md5
      md5: e2ddf8f0316a91b9181b4a42899e3213
      size: 886775
    - path: src/model_evaluation.py
      hash: md5
      md5: de80832560021bfa4f2ddcf3ba8005ec
      size: 4628
    outs:
    - path: reports/metrics.json
      hash: md5
      md5: cb022d5a28b8ab74e9fa1b662e0651b1
      size: 145
